
Microsoft Visual Studio Solution File, Format Version 12.00
# Visual Studio Version 17
VisualStudioVersion = 17.0.31903.59
MinimumVisualStudioVersion = 10.0.40219.1
Project("{2150E333-8FDC-42A3-9474-1A3956D46DE8}") = "src", "src", "{827E0CD3-B72D-47B6-A68D-7590B98EB39B}"
EndProject
Project("{FAE04EC0-301F-11D3-BF4B-00C04F79EFBC}") = "HttpValidaCpf", "src\HttpValidaCpf\HttpValidaCpf.csproj", "{A45D5FED-3618-448D-8537-6C9827775C0F}"
EndProject
Project("{2150E333-8FDC-42A3-9474-1A3956D46DE8}") = "tests", "tests", "{0AB3BF05-4346-4AA6-1389-037BE0695223}"
EndProject
Project("{FAE04EC0-301F-11D3-BF4B-00C04F79EFBC}") = "ValidadorCpf.Tests", "tests\ValidadorCpf.Tests\ValidadorCpf.Tests.csproj", "{BE13185D-C345-4AFB-A40F-A961863CE294}"
EndProject
Global
	GlobalSection(SolutionConfigurationPlatforms) = preSolution
		Debug|Any CPU = Debug|Any CPU
		Debug|x64 = Debug|x64
		Debug|x86 = Debug|x86
		Release|Any CPU = Release|Any CPU
		Release|x64 = Release|x64
		Release|x86 = Release|x86
	EndGlobalSection
	GlobalSection(ProjectConfigurationPlatforms) = postSolution
		{A45D5FED-3618-448D-8537-6C9827775C0F}.Debug|Any CPU.ActiveCfg = Debug|Any CPU
		{A45D5FED-3618-448D-8537-6C9827775C0F}.Debug|Any CPU.Build.0 = Debug|Any CPU
		{A45D5FED-3618-448D-8537-6C9827775C0F}.Debug|x64.ActiveCfg = Debug|Any CPU
		{A45D5FED-3618-448D-8537-6C9827775C0F}.Debug|x64.Build.0 = Debug|Any CPU
		{A45D5FED-3618-448D-8537-6C9827775C0F}.Debug|x86.ActiveCfg = Debug|Any CPU
		{A45D5FED-3618-448D-8537-6C9827775C0F}.Debug|x86.Build.0 = Debug|Any CPU
		{A45D5FED-3618-448D-8537-6C9827775C0F}.Release|Any CPU.ActiveCfg = Release|Any CPU
		{A45D5FED-3618-448D-8537-6C9827775C0F}.Release|Any CPU.Build.0 = Release|Any CPU
		{A45D5FED-3618-448D-8537-6C9827775C0F}.Release|x64.ActiveCfg = Release|Any CPU
		{A45D5FED-3618-448D-8537-6C9827775C0F}.Release|x64.Build.0 = Release|Any CPU
		{A45D5FED-3618-448D-8537-6C9827775C0F}.Release|x86.ActiveCfg = Release|Any CPU
		{A45D5FED-3618-448D-8537-6C9827775C0F}.Release|x86.Build.0 = Release|Any CPU
		{BE13185D-C345-4AFB-A40F-A961863CE294}.Debug|Any CPU.ActiveCfg = Debug|Any CPU
		{BE13185D-C345-4AFB-A40F-A961863CE294}.Debug|Any CPU.Build.0 = Debug|Any CPU
		{BE13185D-C345-4AFB-A40F-A961863CE294}.Debug|x64.ActiveCfg = Debug|Any CPU
		{BE13185D-C345-4AFB-A40F-A961863CE294}.Debug|x64.Build.0 = Debug|Any CPU
		{BE13185D-C345-4AFB-A40F-A961863CE294}.Debug|x86.ActiveCfg = Debug|Any CPU
		{BE13185D-C345-4AFB-A40F-A961863CE294}.Debug|x86.Build.0 = Debug|Any CPU
		{BE13185D-C345-4AFB-A40F-A961863CE294}.Release|Any CPU.ActiveCfg = Release|Any CPU
		{BE13185D-C345-4AFB-A40F-A961863CE294}.Release|Any CPU.Build.0 = Release|Any CPU
		{BE13185D-C345-4AFB-A40F-A961863CE294}.Release|x64.ActiveCfg = Release|Any CPU
		{BE13185D-C345-4AFB-A40F-A961863CE294}.Release|x64.Build.0 = Release|Any CPU
		{BE13185D-C345-4AFB-A40F-A961863CE294}.Release|x86.ActiveCfg = Release|Any CPU
		{BE13185D-C345-4AFB-A40F-A961863CE294}.Release|x86.Build.0 = Release|Any CPU
	EndGlobalSection
	GlobalSection(SolutionProperties) = preSolution
		HideSolutionNode = FALSE
	EndGlobalSection
	GlobalSection(NestedProjects) = preSolution
		{A45D5FED-3618-448D-8537-6C9827775C0F} = {827E0CD3-B72D-47B6-A68D-7590B98EB39B}
		{BE13185D-C345-4AFB-A40F-A961863CE294} = {0AB3BF05-4346-4AA6-1389-037BE0695223}
	EndGlobalSection
EndGlobal
